<Solution>
  <Folder Name="/src/">
    <Project Path="src/EfCore.EncryptedProperties/EfCore.EncryptedProperties.csproj" />
    <Project Path="src/EfCore.EncryptedProperties.Testing/EfCore.EncryptedProperties.Testing.csproj" />
  </Folder>
  <Folder Name="/tests/">
    <Project Path="tests/EfCore.EncryptedProperties.Tests/EfCore.EncryptedProperties.Tests.csproj" />
  </Folder>
  <Folder Name="/samples/">
    <Project Path="samples/EfCore.EncryptedProperties.Samples.InMemory/EfCore.EncryptedProperties.Samples.InMemory.csproj" />
    <Project Path="samples/EfCore.EncryptedProperties.Samples.AzureKeyVault/EfCore.EncryptedProperties.Samples.AzureKeyVault.csproj" />
    <Project Path="samples/EfCore.EncryptedProperties.Samples.AzuriteBlobs/EfCore.EncryptedProperties.Samples.AzuriteBlobs.csproj" />
    <Project Path="samples/EfCore.EncryptedProperties.Samples.WebApi/EfCore.EncryptedProperties.Samples.WebApi.csproj" />
  </Folder>
</Solution>
